
Microsoft Visual Studio Solution File, Format Version 12.00
# Visual Studio Version 17
VisualStudioVersion = 17.10.35122.118
MinimumVisualStudioVersion = 10.0.40219.1
Project("{FAE04EC0-301F-11D3-BF4B-00C04F79EFBC}") = "OOPSample", "OOPSample.csproj", "{E1E1968D-4AA7-481C-93CE-7DB1654E3CD1}"
EndProject
Global
	GlobalSection(SolutionConfigurationPlatforms) = preSolution
		Debug|Any CPU = Debug|Any CPU
		Release|Any CPU = Release|Any CPU
	EndGlobalSection
	GlobalSection(ProjectConfigurationPlatforms) = postSolution
		{E1E1968D-4AA7-481C-93CE-7DB1654E3CD1}.Debug|Any CPU.ActiveCfg = Debug|Any CPU
		{E1E1968D-4AA7-481C-93CE-7DB1654E3CD1}.Debug|Any CPU.Build.0 = Debug|Any CPU
		{E1E1968D-4AA7-481C-93CE-7DB1654E3CD1}.Release|Any CPU.ActiveCfg = Release|Any CPU
		{E1E1968D-4AA7-481C-93CE-7DB1654E3CD1}.Release|Any CPU.Build.0 = Release|Any CPU
	EndGlobalSection
	GlobalSection(SolutionProperties) = preSolution
		HideSolutionNode = FALSE
	EndGlobalSection
	GlobalSection(ExtensibilityGlobals) = postSolution
		SolutionGuid = {26860417-3A55-4557-AB8F-965BCAB2FBD2}
	EndGlobalSection
EndGlobal
